{
  "name": "synergy-academy",
  "version": "1.0.0",
  "lockfileVersion": 1,
  "requires": true,
  "dependencies": {
    "swagger-ui-dist": {
      "version": "4.8.1",
      "resolved": "https://registry.npmjs.org/swagger-ui-dist/-/swagger-ui-dist-4.8.1.tgz",
      "integrity": "sha512-Lfe0EOYw7rK//k9CIrz/jkztpJBwC+MwpFhYWke2GyjyALS/tg907lF7vUg6LKerPtgZ5CBzwN/e35w8T1hP5Q=="
    }
  }
}
